
Microsoft Visual Studio Solution File, Format Version 12.00
# Visual Studio Version 17
VisualStudioVersion = 17.3.32901.215
MinimumVisualStudioVersion = 10.0.40219.1
Project("{9A19103F-16F7-4668-BE54-9A1E7A4F7556}") = "TheKonMarketplace", "TheKonMarketplace\TheKonMarketplace.csproj", "{AFBAD2A9-02A0-4985-AB60-CD19085A9EE4}"
EndProject
Project("{FAE04EC0-301F-11D3-BF4B-00C04F79EFBC}") = "TheKonMarketplace.Data", "TheKonMarketplace.Data\TheKonMarketplace.Data.csproj", "{5C778189-FC82-4B17-B32F-987E64C9CB4F}"
EndProject
Project("{FAE04EC0-301F-11D3-BF4B-00C04F79EFBC}") = "TheKonMarketplace.Data.Models", "TheKonMarketplace.Data.Models\TheKonMarketplace.Data.Models.csproj", "{904B7E86-44FA-4AB0-8475-627D5F36A921}"
EndProject
Project("{FAE04EC0-301F-11D3-BF4B-00C04F79EFBC}") = "TheKonMarkeplace.Common", "TheKonMarkeplace.Common\TheKonMarkeplace.Common.csproj", "{43B418D3-A748-49CD-A3AE-FFEB75A4E35F}"
EndProject
Project("{FAE04EC0-301F-11D3-BF4B-00C04F79EFBC}") = "TheKonMarketplace.Web.ViewModels", "TheKonMarketplace.Web.ViewModels\TheKonMarketplace.Web.ViewModels.csproj", "{AEB69E28-1D6B-4150-94F4-C9039A84C911}"
EndProject
Global
	GlobalSection(SolutionConfigurationPlatforms) = preSolution
		Debug|Any CPU = Debug|Any CPU
		Release|Any CPU = Release|Any CPU
	EndGlobalSection
	GlobalSection(ProjectConfigurationPlatforms) = postSolution
		{AFBAD2A9-02A0-4985-AB60-CD19085A9EE4}.Debug|Any CPU.ActiveCfg = Debug|Any CPU
		{AFBAD2A9-02A0-4985-AB60-CD19085A9EE4}.Debug|Any CPU.Build.0 = Debug|Any CPU
		{AFBAD2A9-02A0-4985-AB60-CD19085A9EE4}.Release|Any CPU.ActiveCfg = Release|Any CPU
		{AFBAD2A9-02A0-4985-AB60-CD19085A9EE4}.Release|Any CPU.Build.0 = Release|Any CPU
		{5C778189-FC82-4B17-B32F-987E64C9CB4F}.Debug|Any CPU.ActiveCfg = Debug|Any CPU
		{5C778189-FC82-4B17-B32F-987E64C9CB4F}.Debug|Any CPU.Build.0 = Debug|Any CPU
		{5C778189-FC82-4B17-B32F-987E64C9CB4F}.Release|Any CPU.ActiveCfg = Release|Any CPU
		{5C778189-FC82-4B17-B32F-987E64C9CB4F}.Release|Any CPU.Build.0 = Release|Any CPU
		{904B7E86-44FA-4AB0-8475-627D5F36A921}.Debug|Any CPU.ActiveCfg = Debug|Any CPU
		{904B7E86-44FA-4AB0-8475-627D5F36A921}.Debug|Any CPU.Build.0 = Debug|Any CPU
		{904B7E86-44FA-4AB0-8475-627D5F36A921}.Release|Any CPU.ActiveCfg = Release|Any CPU
		{904B7E86-44FA-4AB0-8475-627D5F36A921}.Release|Any CPU.Build.0 = Release|Any CPU
		{43B418D3-A748-49CD-A3AE-FFEB75A4E35F}.Debug|Any CPU.ActiveCfg = Debug|Any CPU
		{43B418D3-A748-49CD-A3AE-FFEB75A4E35F}.Debug|Any CPU.Build.0 = Debug|Any CPU
		{43B418D3-A748-49CD-A3AE-FFEB75A4E35F}.Release|Any CPU.ActiveCfg = Release|Any CPU
		{43B418D3-A748-49CD-A3AE-FFEB75A4E35F}.Release|Any CPU.Build.0 = Release|Any CPU
		{AEB69E28-1D6B-4150-94F4-C9039A84C911}.Debug|Any CPU.ActiveCfg = Debug|Any CPU
		{AEB69E28-1D6B-4150-94F4-C9039A84C911}.Debug|Any CPU.Build.0 = Debug|Any CPU
		{AEB69E28-1D6B-4150-94F4-C9039A84C911}.Release|Any CPU.ActiveCfg = Release|Any CPU
		{AEB69E28-1D6B-4150-94F4-C9039A84C911}.Release|Any CPU.Build.0 = Release|Any CPU
	EndGlobalSection
	GlobalSection(SolutionProperties) = preSolution
		HideSolutionNode = FALSE
	EndGlobalSection
	GlobalSection(ExtensibilityGlobals) = postSolution
		SolutionGuid = {BCE31935-F13A-4AD9-B838-16A867DB98BD}
	EndGlobalSection
EndGlobal
